github.com/blackjack/webcam v0.0.0-20200313125108-10ed912a8539 h1:1aIqYfg9s9RETAJHGfVKZW4ok0b22p4QTwk8MsdRtPs=
github.com/blackjack/webcam v0.0.0-20200313125108-10ed912a8539/go.mod h1:G0X+rEqYPWSq0dG8OMf8M446MtKytzpPjgS3HbdOJZ4=
golang.org/x/sys v0.0.0-20210823070655-63515b42dcdf h1:2ucpDCmfkl8Bd/FsLtiD653Wf96cW37s+iGx93zsu4k=
golang.org/x/sys v0.0.0-20210823070655-63515b42dcdf/go.mod h1:oPkhp1MJrh7nUepCBck5+mAzfO9JrbApNNgaTdGDITg=
